
Microsoft Visual Studio Solution File, Format Version 12.00
# Visual Studio Version 16
VisualStudioVersion = 16.0.30611.23
MinimumVisualStudioVersion = 10.0.40219.1
Project("{FAE04EC0-301F-11D3-BF4B-00C04F79EFBC}") = "FinalExam_Program_2", "FinalExam_Program_2\FinalExam_Program_2.csproj", "{38973E70-AAAE-4131-BD96-2B8D931A8F01}"
EndProject
Global
	GlobalSection(SolutionConfigurationPlatforms) = preSolution
		Debug|Any CPU = Debug|Any CPU
		Release|Any CPU = Release|Any CPU
	EndGlobalSection
	GlobalSection(ProjectConfigurationPlatforms) = postSolution
		{38973E70-AAAE-4131-BD96-2B8D931A8F01}.Debug|Any CPU.ActiveCfg = Debug|Any CPU
		{38973E70-AAAE-4131-BD96-2B8D931A8F01}.Debug|Any CPU.Build.0 = Debug|Any CPU
		{38973E70-AAAE-4131-BD96-2B8D931A8F01}.Release|Any CPU.ActiveCfg = Release|Any CPU
		{38973E70-AAAE-4131-BD96-2B8D931A8F01}.Release|Any CPU.Build.0 = Release|Any CPU
	EndGlobalSection
	GlobalSection(SolutionProperties) = preSolution
		HideSolutionNode = FALSE
	EndGlobalSection
	GlobalSection(ExtensibilityGlobals) = postSolution
		SolutionGuid = {8ACDEBA1-D48B-4B92-9A1E-7DAAAF52A3B6}
	EndGlobalSection
EndGlobal
